
Microsoft Visual Studio Solution File, Format Version 12.00
# Visual Studio Version 16
VisualStudioVersion = 16.0.30907.101
MinimumVisualStudioVersion = 10.0.40219.1
Project("{9A19103F-16F7-4668-BE54-9A1E7A4F7556}") = "Flann.Interop", "Flann.Interop\Flann.Interop.csproj", "{F63459D2-7F0D-44D9-9810-41E0F7EDF389}"
EndProject
Project("{9A19103F-16F7-4668-BE54-9A1E7A4F7556}") = "Flann.Tests", "Flann.Tests\Flann.Tests.csproj", "{8CC1909D-7193-48EC-8658-C51A681BC41D}"
EndProject
Project("{2150E333-8FDC-42A3-9474-1A3956D46DE8}") = "Solution Items", "Solution Items", "{84DFFB32-A528-48D7-ACA5-5ED01640EFDF}"
	ProjectSection(SolutionItems) = preProject
		README.md = README.md
	EndProjectSection
EndProject
Global
	GlobalSection(SolutionConfigurationPlatforms) = preSolution
		Debug|Any CPU = Debug|Any CPU
		Release|Any CPU = Release|Any CPU
	EndGlobalSection
	GlobalSection(ProjectConfigurationPlatforms) = postSolution
		{F63459D2-7F0D-44D9-9810-41E0F7EDF389}.Debug|Any CPU.ActiveCfg = Debug|Any CPU
		{F63459D2-7F0D-44D9-9810-41E0F7EDF389}.Debug|Any CPU.Build.0 = Debug|Any CPU
		{F63459D2-7F0D-44D9-9810-41E0F7EDF389}.Release|Any CPU.ActiveCfg = Release|Any CPU
		{F63459D2-7F0D-44D9-9810-41E0F7EDF389}.Release|Any CPU.Build.0 = Release|Any CPU
		{8CC1909D-7193-48EC-8658-C51A681BC41D}.Debug|Any CPU.ActiveCfg = Debug|Any CPU
		{8CC1909D-7193-48EC-8658-C51A681BC41D}.Debug|Any CPU.Build.0 = Debug|Any CPU
		{8CC1909D-7193-48EC-8658-C51A681BC41D}.Release|Any CPU.ActiveCfg = Release|Any CPU
		{8CC1909D-7193-48EC-8658-C51A681BC41D}.Release|Any CPU.Build.0 = Release|Any CPU
	EndGlobalSection
	GlobalSection(SolutionProperties) = preSolution
		HideSolutionNode = FALSE
	EndGlobalSection
	GlobalSection(ExtensibilityGlobals) = postSolution
		SolutionGuid = {E5F5891F-E191-4EDC-A81D-A0038CA36D31}
	EndGlobalSection
EndGlobal
